
Microsoft Visual Studio Solution File, Format Version 12.00
# Visual Studio Version 17
VisualStudioVersion = 17.4.33213.308
MinimumVisualStudioVersion = 10.0.40219.1
Project("{FAE04EC0-301F-11D3-BF4B-00C04F79EFBC}") = "CustomElement", "CustomElement\CustomElement.csproj", "{ED13E2A9-4C96-4A88-AFD2-7B2F0F56A66B}"
EndProject
Global
	GlobalSection(SolutionConfigurationPlatforms) = preSolution
		Debug|Any CPU = Debug|Any CPU
		Release|Any CPU = Release|Any CPU
	EndGlobalSection
	GlobalSection(ProjectConfigurationPlatforms) = postSolution
		{ED13E2A9-4C96-4A88-AFD2-7B2F0F56A66B}.Debug|Any CPU.ActiveCfg = Debug|Any CPU
		{ED13E2A9-4C96-4A88-AFD2-7B2F0F56A66B}.Debug|Any CPU.Build.0 = Debug|Any CPU
		{ED13E2A9-4C96-4A88-AFD2-7B2F0F56A66B}.Release|Any CPU.ActiveCfg = Release|Any CPU
		{ED13E2A9-4C96-4A88-AFD2-7B2F0F56A66B}.Release|Any CPU.Build.0 = Release|Any CPU
	EndGlobalSection
	GlobalSection(SolutionProperties) = preSolution
		HideSolutionNode = FALSE
	EndGlobalSection
	GlobalSection(ExtensibilityGlobals) = postSolution
		SolutionGuid = {52E7432F-9380-4FE4-9983-EB06C3F1B54C}
	EndGlobalSection
EndGlobal
